github.com/halogenica/beautifulhugo v0.0.0-20251212183709-c3c3bbb7370d h1:EsekjF0bASegdBSWPTnc8l0fhsmv/w7jmO2XgEpCItU=
github.com/halogenica/beautifulhugo v0.0.0-20251212183709-c3c3bbb7370d/go.mod h1:4dwHt6njigk+fr9W3Bg+OflL4LKzkjbXAULXvr3mYLs=
github.com/halogenica/beautifulhugo v0.0.0-20260112152821-6173aa260601 h1:TgaiISjn8jN5jbK40fTvNafaznGDnSpgk+MsR/uqyJk=
github.com/halogenica/beautifulhugo v0.0.0-20260112152821-6173aa260601/go.mod h1:4dwHt6njigk+fr9W3Bg+OflL4LKzkjbXAULXvr3mYLs=
