github.com/halogenica/beautifulhugo v0.0.0-20251212183709-c3c3bbb7370d h1:EsekjF0bASegdBSWPTnc8l0fhsmv/w7jmO2XgEpCItU=
github.com/halogenica/beautifulhugo v0.0.0-20251212183709-c3c3bbb7370d/go.mod h1:4dwHt6njigk+fr9W3Bg+OflL4LKzkjbXAULXvr3mYLs=
github.com/halogenica/beautifulhugo v0.0.0-20260112152821-6173aa260601 h1:TgaiISjn8jN5jbK40fTvNafaznGDnSpgk+MsR/uqyJk=
github.com/halogenica/beautifulhugo v0.0.0-20260112152821-6173aa260601/go.mod h1:4dwHt6njigk+fr9W3Bg+OflL4LKzkjbXAULXvr3mYLs=
github.com/halogenica/beautifulhugo v0.0.0-20260112175715-7950a06dc630 h1:83bNQSd2uk7gOfIfIZJd2HCvOi5ZYrEqu1XiY0BKE0o=
github.com/halogenica/beautifulhugo v0.0.0-20260112175715-7950a06dc630/go.mod h1:4dwHt6njigk+fr9W3Bg+OflL4LKzkjbXAULXvr3mYLs=
github.com/halogenica/beautifulhugo v0.0.0-20260116221653-e75d00a2df16 h1:/OTeSJkAexRx2gYdiIwcHIvU2T1i9tFEJjikm8XWQRI=
github.com/halogenica/beautifulhugo v0.0.0-20260116221653-e75d00a2df16/go.mod h1:4dwHt6njigk+fr9W3Bg+OflL4LKzkjbXAULXvr3mYLs=
github.com/halogenica/beautifulhugo v0.0.0-20260205145405-beb9bfe3f6ba h1:EfDzKDJhUN0+PG3o5IdVGXD9y0ToJ5VDuwG0sEB4omg=
github.com/halogenica/beautifulhugo v0.0.0-20260205145405-beb9bfe3f6ba/go.mod h1:4dwHt6njigk+fr9W3Bg+OflL4LKzkjbXAULXvr3mYLs=
